
Microsoft Visual Studio Solution File, Format Version 12.00
# Visual Studio 15
VisualStudioVersion = 15.0.27428.1
MinimumVisualStudioVersion = 10.0.40219.1
Project("{FAE04EC0-301F-11D3-BF4B-00C04F79EFBC}") = "ReedUI", "ReedUI\ReedUI.csproj", "{4DF09DCF-5AA2-4DAB-A84D-256B15688C62}"
EndProject
Project("{FAE04EC0-301F-11D3-BF4B-00C04F79EFBC}") = "Candidates.Core", "Candidates.Core\Candidates.Core.csproj", "{DA68DFFA-46EC-4D77-BE27-1B9E69BAC3AE}"
EndProject
Global
	GlobalSection(SolutionConfigurationPlatforms) = preSolution
		Debug|Any CPU = Debug|Any CPU
		Release|Any CPU = Release|Any CPU
	EndGlobalSection
	GlobalSection(ProjectConfigurationPlatforms) = postSolution
		{4DF09DCF-5AA2-4DAB-A84D-256B15688C62}.Debug|Any CPU.ActiveCfg = Debug|Any CPU
		{4DF09DCF-5AA2-4DAB-A84D-256B15688C62}.Debug|Any CPU.Build.0 = Debug|Any CPU
		{4DF09DCF-5AA2-4DAB-A84D-256B15688C62}.Release|Any CPU.ActiveCfg = Release|Any CPU
		{4DF09DCF-5AA2-4DAB-A84D-256B15688C62}.Release|Any CPU.Build.0 = Release|Any CPU
		{DA68DFFA-46EC-4D77-BE27-1B9E69BAC3AE}.Debug|Any CPU.ActiveCfg = Debug|Any CPU
		{DA68DFFA-46EC-4D77-BE27-1B9E69BAC3AE}.Debug|Any CPU.Build.0 = Debug|Any CPU
		{DA68DFFA-46EC-4D77-BE27-1B9E69BAC3AE}.Release|Any CPU.ActiveCfg = Release|Any CPU
		{DA68DFFA-46EC-4D77-BE27-1B9E69BAC3AE}.Release|Any CPU.Build.0 = Release|Any CPU
	EndGlobalSection
	GlobalSection(SolutionProperties) = preSolution
		HideSolutionNode = FALSE
	EndGlobalSection
	GlobalSection(ExtensibilityGlobals) = postSolution
		SolutionGuid = {21C67598-4799-49AA-873C-3BCB7940C201}
	EndGlobalSection
EndGlobal
